
Microsoft Visual Studio Solution File, Format Version 12.00
# Visual Studio Version 17
VisualStudioVersion = 17.13.35931.197 d17.13
MinimumVisualStudioVersion = 10.0.40219.1
Project("{FAE04EC0-301F-11D3-BF4B-00C04F79EFBC}") = "ProyectoGit", "ProyectoGit\ProyectoGit.csproj", "{FA42396E-C0BE-44F4-A9F5-5D521F68A4D0}"
EndProject
Global
	GlobalSection(SolutionConfigurationPlatforms) = preSolution
		Debug|Any CPU = Debug|Any CPU
		Release|Any CPU = Release|Any CPU
	EndGlobalSection
	GlobalSection(ProjectConfigurationPlatforms) = postSolution
		{FA42396E-C0BE-44F4-A9F5-5D521F68A4D0}.Debug|Any CPU.ActiveCfg = Debug|Any CPU
		{FA42396E-C0BE-44F4-A9F5-5D521F68A4D0}.Debug|Any CPU.Build.0 = Debug|Any CPU
		{FA42396E-C0BE-44F4-A9F5-5D521F68A4D0}.Release|Any CPU.ActiveCfg = Release|Any CPU
		{FA42396E-C0BE-44F4-A9F5-5D521F68A4D0}.Release|Any CPU.Build.0 = Release|Any CPU
	EndGlobalSection
	GlobalSection(SolutionProperties) = preSolution
		HideSolutionNode = FALSE
	EndGlobalSection
	GlobalSection(ExtensibilityGlobals) = postSolution
		SolutionGuid = {A247EC77-7858-4D78-AF1B-83197C4EDA15}
	EndGlobalSection
EndGlobal
